{
  "name": "crud-nodejs",
  "version": "1.0.0",
  "lockfileVersion": 1,
  "requires": true,
  "dependencies": {
    "@types/long": {
      "version": "4.0.1",
      "resolved": "https://registry.npmjs.org/@types/long/-/long-4.0.1.tgz",
      "integrity": "sha512-5tXH6Bx/kNGd3MgffdmP4dy2Z+G4eaXw0SE81Tq3BNadtnMR5/ySMzX4SLEzHJzSmPNn4HIdpQsBvXMUykr58w=="
    },
    "@types/node": {
      "version": "14.11.2",
      "resolved": "https://registry.npmjs.org/@types/node/-/node-14.11.2.tgz",
      "integrity": "sha512-jiE3QIxJ8JLNcb1Ps6rDbysDhN4xa8DJJvuC9prr6w+1tIh+QAbYyNF3tyiZNLDBIuBCf4KEcV2UvQm/V60xfA=="
    },
    "adm-zip": {
      "version": "0.4.16",
      "resolved": "https://registry.npmjs.org/adm-zip/-/adm-zip-0.4.16.tgz",
      "integrity": "sha512-TFi4HBKSGfIKsK5YCkKaaFG2m4PEDyViZmEwof3MTIgzimHLto6muaHVpbrljdIvIrFZzEq/p4nafOeLcYegrg=="
    },
    "cassandra-driver": {
      "version": "4.6.0",
      "resolved": "https://registry.npmjs.org/cassandra-driver/-/cassandra-driver-4.6.0.tgz",
      "integrity": "sha512-OCYJ3Zuy2La0qf+7dfeYlG3X4C0ns1cbPu0hhpC3xyUWqTy1Ai9a4mlQjSBqbcHi51gdFB5UbS0fWJzZIY6NXw==",
      "requires": {
        "@types/long": "^4.0.0",
        "@types/node": ">=8",
        "adm-zip": "^0.4.13",
        "long": "^2.2.0"
      }
    },
    "long": {
      "version": "2.4.0",
      "resolved": "https://registry.npmjs.org/long/-/long-2.4.0.tgz",
      "integrity": "sha1-n6GAux2VAM3CnEFWdmoZleH0Uk8="
    }
  }
}
